<?xml version="1.0" encoding="utf-8"?>
<Project ToolsVersion="4.0" xmlns="http://schemas.microsoft.com/developer/msbuild/2003">
  <ItemGroup>
    <Filter Include="源文件">
      <UniqueIdentifier>{4FC737F1-C7A5-4376-A066-2A32D752A2FF}</UniqueIdentifier>
      <Extensions>cpp;c;cc;cxx;def;odl;idl;hpj;bat;asm;asmx</Extensions>
    </Filter>
    <Filter Include="头文件">
      <UniqueIdentifier>{93995380-89BD-4b04-88EB-625FBE52EBFB}</UniqueIdentifier>
      <Extensions>h;hh;hpp;hxx;hm;inl;inc;ipp;xsd</Extensions>
    </Filter>
    <Filter Include="资源文件">
      <UniqueIdentifier>{67DA6AB6-F800-4c08-8B7A-83BB121AAD01}</UniqueIdentifier>
      <Extensions>rc;ico;cur;bmp;dlg;rc2;rct;bin;rgs;gif;jpg;jpeg;jpe;resx;tiff;tif;png;wav;mfcribbon-ms</Extensions>
    </Filter>
  </ItemGroup>
  <ItemGroup>
    <ClInclude Include="pch.h">
      <Filter>头文件</Filter>
    </ClInclude>
    <ClInclude Include="OthellO.h">
      <Filter>头文件</Filter>
    </ClInclude>
    <ClInclude Include="Cube.h">
      <Filter>头文件</Filter>
    </ClInclude>
    <ClInclude Include="Flooded.h">
      <Filter>头文件</Filter>
    </ClInclude>
    <ClInclude Include="Unixls.h">
      <Filter>头文件</Filter>
    </ClInclude>
    <ClInclude Include="Database.h">
      <Filter>头文件</Filter>
    </ClInclude>
    <ClInclude Include="Urban.h">
      <Filter>头文件</Filter>
    </ClInclude>
    <ClInclude Include="Visual.h">
      <Filter>头文件</Filter>
    </ClInclude>
    <ClInclude Include="Ducci.h">
      <Filter>头文件</Filter>
    </ClInclude>
    <ClInclude Include="Exchange.h">
      <Filter>头文件</Filter>
    </ClInclude>
    <ClInclude Include="Map.h">
      <Filter>头文件</Filter>
    </ClInclude>
    <ClInclude Include="Location.h">
      <Filter>头文件</Filter>
    </ClInclude>
    <ClInclude Include="Comparing.h">
      <Filter>头文件</Filter>
    </ClInclude>
    <ClInclude Include="Topic.h">
      <Filter>头文件</Filter>
    </ClInclude>
    <ClInclude Include="Kehu.h">
      <Filter>头文件</Filter>
    </ClInclude>
    <ClInclude Include="Processing.h">
      <Filter>头文件</Filter>
    </ClInclude>
    <ClInclude Include="Operatorhome.h">
      <Filter>头文件</Filter>
    </ClInclude>
    <ClInclude Include="Recoverhome.h">
      <Filter>头文件</Filter>
    </ClInclude>
    <ClInclude Include="Hospital.h">
      <Filter>头文件</Filter>
    </ClInclude>
    <ClInclude Include="Patient.h">
      <Filter>头文件</Filter>
    </ClInclude>
    <ClInclude Include="patient_compare.h">
      <Filter>头文件</Filter>
    </ClInclude>
  </ItemGroup>
  <ItemGroup>
    <ClCompile Include="pch.cpp">
      <Filter>源文件</Filter>
    </ClCompile>
    <ClCompile Include="main.cpp">
      <Filter>源文件</Filter>
    </ClCompile>
    <ClCompile Include="OthellO.cpp">
      <Filter>源文件</Filter>
    </ClCompile>
    <ClCompile Include="Cube.cpp">
      <Filter>源文件</Filter>
    </ClCompile>
    <ClCompile Include="Unixls.cpp">
      <Filter>源文件</Filter>
    </ClCompile>
    <ClCompile Include="Database.cpp">
      <Filter>源文件</Filter>
    </ClCompile>
    <ClCompile Include="Visual.cpp">
      <Filter>源文件</Filter>
    </ClCompile>
    <ClCompile Include="Ducci.cpp">
      <Filter>源文件</Filter>
    </ClCompile>
    <ClCompile Include="Map.cpp">
      <Filter>源文件</Filter>
    </ClCompile>
    <ClCompile Include="Topic.cpp">
      <Filter>源文件</Filter>
    </ClCompile>
    <ClCompile Include="Processing.cpp">
      <Filter>源文件</Filter>
    </ClCompile>
    <ClCompile Include="Operatorhome.cpp">
      <Filter>源文件</Filter>
    </ClCompile>
    <ClCompile Include="Recoverhome.cpp">
      <Filter>源文件</Filter>
    </ClCompile>
    <ClCompile Include="Hospital.cpp">
      <Filter>源文件</Filter>
    </ClCompile>
    <ClCompile Include="Patient.cpp">
      <Filter>源文件</Filter>
    </ClCompile>
  </ItemGroup>
</Project>